# This file was autogenerated by Stack.
# You should not edit this file by hand.
# For more information, please see the documentation at:
#   https://docs.haskellstack.org/en/stable/lock_files

packages:
- completed:
    hackage: amazonka-1.6.1@sha256:d863557379350ed6bbb91187abeb8c349a654f60b140d138710486f58ae7c476,3536
    pantry-tree:
      size: 992
      sha256: 55747f9b56063ea1be73a962e1ce44528b9856e119e2d9f1238397b3112b6e70
  original:
    hackage: amazonka-1.6.1
- completed:
    hackage: amazonka-core-1.6.1@sha256:9bc59ce403c6eeba3b3eaf3f10e5f0b6a33b6edbbf8f6de0dd6f4c67b86fa698,5135
    pantry-tree:
      size: 3438
      sha256: c13e643176308771491ec0e06390e269047bb1b28be4535992842f7426a95eb4
  original:
    hackage: amazonka-core-1.6.1
- completed:
    hackage: http-client-0.5.14@sha256:4880b27d6741e331454a1d4c887d96ce3d7d625322c8433983a4b1cd08538577,5348
    pantry-tree:
      size: 2457
      sha256: 02bcffba9cad572fefb4640f5fc9be68e770b32ab73efcac649db20290994c6d
  original:
    hackage: http-client-0.5.14@sha256:4880b27d6741e331454a1d4c887d96ce3d7d625322c8433983a4b1cd08538577,5348
- completed:
    hackage: irc-core-2.7.1@sha256:b03343345dc7d12758c9bcbb41ba4fa574a6e1c5d0d2058243ee1585d11cd8bb,1923
    pantry-tree:
      size: 787
      sha256: ffaab66a0abea955de61ec8da02c0e205f02bb5a4a816809b88bd818a38de4f1
  original:
    hackage: irc-core-2.7.1@sha256:b03343345dc7d12758c9bcbb41ba4fa574a6e1c5d0d2058243ee1585d11cd8bb,1923
- completed:
    hackage: servant-0.14.1@sha256:e465f22a47b8d9f9452f9ac8673920e187e3a632d6c38cbf34b1037e4ee534d9,5711
    pantry-tree:
      size: 2593
      sha256: 08e2bc20a55aaff1754fdd012efb7ffd22c9ba8fd2b30d0be497ee84e2747074
  original:
    hackage: servant-0.14.1@sha256:e465f22a47b8d9f9452f9ac8673920e187e3a632d6c38cbf34b1037e4ee534d9,5711
- completed:
    hackage: servant-server-0.14.1@sha256:033cb7d969be44f77abcbb7d237641c0ba0ea2d6e45832a6962fb189ebc21b09,5922
    pantry-tree:
      size: 2341
      sha256: 516f6b168ca38e2276957fe2efa7bb15b4240fbd4d89050c8a3c5884b31cd2f7
  original:
    hackage: servant-server-0.14.1@sha256:033cb7d969be44f77abcbb7d237641c0ba0ea2d6e45832a6962fb189ebc21b09,5922
- completed:
    hackage: http-api-data-0.3.10@sha256:13e1ed2514ec7a857454f472604fc6bf9616d908d2de7202c2507e413029c907,3695
    pantry-tree:
      size: 945
      sha256: ced1fe4b910b92cf402ab26bd7f8fbbeec17907471052d73f8af83ce5c26bd00
  original:
    hackage: http-api-data-0.3.10@sha256:13e1ed2514ec7a857454f472604fc6bf9616d908d2de7202c2507e413029c907,3695
- completed:
    hackage: http-media-0.7.1.3@sha256:481a40a26f71caaa1a9d9bf4c0fabdd4b51847c6bfa59b8e790fa07ef52dfea6,3839
    pantry-tree:
      size: 1491
      sha256: 1ff9d7bb155955ecebf0df823091dc08e540db82a7c39cfa96d130fb474af3b6
  original:
    hackage: http-media-0.7.1.3@sha256:481a40a26f71caaa1a9d9bf4c0fabdd4b51847c6bfa59b8e790fa07ef52dfea6,3839
- completed:
    hackage: persistent-2.10.1@sha256:5f28d01d7617e0c6ae4a83858a2c98b6a3fd44fa3589b1723860614ee2844a2c,4728
    pantry-tree:
      size: 2094
      sha256: 1cc64ca2ebc7fdd70ba81fd6b559caa977a7e5a36b0ea2e81429692a1678ae8e
  original:
    hackage: persistent-2.10.1@sha256:5f28d01d7617e0c6ae4a83858a2c98b6a3fd44fa3589b1723860614ee2844a2c,4728
- completed:
    hackage: persistent-postgresql-2.10.0@sha256:87384a179e44b57af7b12b00ccfdfc4bc03010a438aad207b9f38def0147cda2,2829
    pantry-tree:
      size: 671
      sha256: 5a2b25b40cb440466792b9ae293de95b4fcfcd1410c1c7aed9ffc8001699f5dc
  original:
    hackage: persistent-postgresql-2.10.0
- completed:
    hackage: persistent-template-2.7.2@sha256:aa4a11b1bc09967c9bb2e0324c358f4061b54da703705294040b32d70d73c12f,2703
    pantry-tree:
      size: 560
      sha256: dd4aa468a9b26d3c0f64261d0a238ff6b9adf9b4889e112709826a23b6abfd8d
  original:
    hackage: persistent-template-2.7.2
- completed:
    hackage: port-utils-0.2.1.0@sha256:0e7cdb91e40cadedc528260bd5919414876c6f9eb250f9f54ace9fe7a12384ab,1944
    pantry-tree:
      size: 592
      sha256: 6e6686d2110cb552a1026ca19f04a5477fcc61a7f83bde2c29b0715cd1ca288d
  original:
    hackage: port-utils-0.2.1.0@sha256:0e7cdb91e40cadedc528260bd5919414876c6f9eb250f9f54ace9fe7a12384ab
- completed:
    hackage: postgres-options-0.1.0.1@sha256:42331140b3c2e608c87005bc7636271b53db20fce7fd091cd4341128db3b47ad,960
    pantry-tree:
      size: 241
      sha256: 8c958f907817255ee4d72a13b3f4296323a02e55d25bd585c7d68d3a54fc9578
  original:
    hackage: postgres-options-0.1.0.1@sha256:42331140b3c2e608c87005bc7636271b53db20fce7fd091cd4341128db3b47ad
- completed:
    hackage: tmp-postgres-0.3.0.0@sha256:7329a0ced8596ca35b3b4f418d0ad8f2b5a20176f2472b385e419f36020d9725,2695
    pantry-tree:
      size: 489
      sha256: 6258a5e844173dd1c9c02180dadeadab3bcf74e6a19c0a2c4b17b0f2ff967897
  original:
    hackage: tmp-postgres-0.3.0.0
- completed:
    hackage: HDBC-postgresql-2.3.2.7@sha256:93d8e3c3d2dc9291a10f28ae3f8d0604a55ef47298ed43003a4d16f3d9905bae,3228
    pantry-tree:
      size: 1740
      sha256: 07bfba988402849f447025b324f2993ea88ac0ec4f7dd4b86942644e2e239d45
  original:
    hackage: HDBC-postgresql-2.3.2.7
- completed:
    hackage: dbmigrations-2.0.0@sha256:1e3bd62ca980659d27b6bc7b00e58ae0e2bf7781e3859f440b7c005c46037075,5270
    pantry-tree:
      size: 3935
      sha256: c0ed60caea8b8aace63e40628c753ba8b007edcea17ccc270317b533d07c8e28
  original:
    hackage: dbmigrations-2.0.0@sha256:1e3bd62ca980659d27b6bc7b00e58ae0e2bf7781e3859f440b7c005c46037075,5270
- completed:
    hackage: time-1.6.0.1@sha256:492067e1b6973db9df64bf0bc851985dabea138d8a35414fe9ee6870b4702c66,4232
    pantry-tree:
      size: 4350
      sha256: ca87237ad8065079a9609385509cacb9444bb8c0f1ce2a70eacb88463dabe6fa
  original:
    hackage: time-1.6.0.1@sha256:492067e1b6973db9df64bf0bc851985dabea138d8a35414fe9ee6870b4702c66,4232
- completed:
    hackage: yaml-light-0.1.4@sha256:838b509c3a895339eea42b6524f46ba4e59c33e9f43537123cdaedfea09ca58d,1887
    pantry-tree:
      size: 217
      sha256: ed05f839d189a312392f35d41888602b5929a8c0bcd54ee50bffe013552526ba
  original:
    hackage: yaml-light-0.1.4@sha256:838b509c3a895339eea42b6524f46ba4e59c33e9f43537123cdaedfea09ca58d,1887
- completed:
    hackage: HsSyck-0.53@sha256:a987ae2163811bdebfd4f2e2dcb7c75e9d2d68afd97d196f969d6a74786e43da,1818
    pantry-tree:
      size: 1024
      sha256: d0465b8296fc621a76c7362eadf1364489781ca09d79441ec22b7a18b12eed46
  original:
    hackage: HsSyck-0.53@sha256:a987ae2163811bdebfd4f2e2dcb7c75e9d2d68afd97d196f969d6a74786e43da,1818
- completed:
    hackage: directory-1.3.4.0@sha256:500019f04494324d1df16cf83eefeb3f809b2b20b32a32ccd755ee0439c18bfd,2829
    pantry-tree:
      size: 3365
      sha256: 00c09e0c014d29ebfb921b64c1459e61a0ad6f10e70128d795246a47c06394b0
  original:
    hackage: directory-1.3.4.0@sha256:500019f04494324d1df16cf83eefeb3f809b2b20b32a32ccd755ee0439c18bfd,2829
- completed:
    hackage: process-1.6.5.1@sha256:77a9afeb676357f67fe5cf1ad79aca0745fb6f7fb96b786d510af08f622643f6,2468
    pantry-tree:
      size: 1211
      sha256: 19d944da6aa37944332e0726372288319852e5f72aa57dbc3516dc15e760a502
  original:
    hackage: process-1.6.5.1@sha256:77a9afeb676357f67fe5cf1ad79aca0745fb6f7fb96b786d510af08f622643f6,2468
- completed:
    hackage: unix-2.7.2.2@sha256:e69269a17b9fa26cb77f3f55e86c39d0a4940ccfa0c4bc20826919d2572076ad,3496
    pantry-tree:
      size: 3536
      sha256: c355f7924ce67e5bf8f20767462af18f09b8c0d1f7161117221cbb94c15deee3
  original:
    hackage: unix-2.7.2.2@sha256:e69269a17b9fa26cb77f3f55e86c39d0a4940ccfa0c4bc20826919d2572076ad,3496
- completed:
    hackage: servant-websockets-1.1.0@sha256:3e384b0565a081f83da8935cccc0817fda120af9119befe55a0515efc4a44bfc,2188
    pantry-tree:
      size: 522
      sha256: c1023a0b633a762a6df30a8553b98b118daea5e24fecf143ab8c3e621c31744c
  original:
    hackage: servant-websockets-1.1.0@sha256:3e384b0565a081f83da8935cccc0817fda120af9119befe55a0515efc4a44bfc,2188
- completed:
    hackage: servant-errors-0.1.3.1@sha256:775cf28693fa957b87ca68bf0445659941cde3158ec56cef4458008a559e00e9,2540
    pantry-tree:
      size: 349
      sha256: aa09a6586b8075ce1774068761dd6a88b0ea0d985cc9cf15e1c31192156ff4e2
  original:
    hackage: servant-errors-0.1.3.1@sha256:775cf28693fa957b87ca68bf0445659941cde3158ec56cef4458008a559e00e9
- completed:
    cabal-file:
      size: 5291
      sha256: fed89ff1425edffe0774f8c5bc8fa193e877a3e94083629f872aa0a0018da753
    name: esqueleto
    version: 3.1.0
    git: https://github.com/bitemyapp/esqueleto.git
    pantry-tree:
      size: 3403
      sha256: 69166f8c53ad81e7439dc8cb91ca14fb2d472200b1bcd5538c975a949f09ee85
    commit: 3db6361d2c42b37e782ff05830c07d88a1afdf91
  original:
    git: https://github.com/bitemyapp/esqueleto.git
    commit: 3db6361d2c42b37e782ff05830c07d88a1afdf91
- completed:
    cabal-file:
      size: 1105
      sha256: ad3e771df15129b3d77ffe4ed78448a050f0c9f35b109c63dd1e3c49bd0c520a
    name: nano-http
    version: 0.1.1
    git: https://github.com/ralphmorton/nano-http.git
    pantry-tree:
      size: 510
      sha256: f6cac76731c77dcdf336ec99541e58fc7dd811726e0af7708c5b63fdfeca9cb1
    commit: bfccf7011964fcd8a12f7bcbf20ac5ef06eb4ede
  original:
    git: https://github.com/ralphmorton/nano-http.git
    commit: bfccf7011964fcd8a12f7bcbf20ac5ef06eb4ede
- completed:
    cabal-file:
      size: 1958
      sha256: 0716a5aa549137197e040e7712e268c32bd3ea470e7a6204cf83e3f91bd9f07b
    name: rollbar
    version: 0.2.0
    git: https://github.com/collegevine/rollbar.git
    pantry-tree:
      size: 1097
      sha256: 3b428b140aa6fa337fd33f3c5d277999d5db3cf6ae5218071558220aee481b33
    commit: 08d7405292d71b94ea3c0562716330e77cfb93d8
  original:
    git: https://github.com/collegevine/rollbar.git
    commit: 08d7405292d71b94ea3c0562716330e77cfb93d8
- completed:
    cabal-file:
      size: 3289
      sha256: b0e9427ec33e5e6beae856edf77ff2bf34bb5d3fcd2150bbfa3d63a9a7f05bcf
    name: purescript-bridge
    version: 0.13.0.0
    git: https://github.com/shmish111/purescript-bridge.git
    pantry-tree:
      size: 1562
      sha256: 867da177c0be04ae4d4fb711d4bc5e938cc315c8967aaa03782084df31590f5e
    commit: dc500a47c8330526a78c5cfac84ddb923cd5c8a5
  original:
    git: https://github.com/shmish111/purescript-bridge.git
    commit: dc500a47c8330526a78c5cfac84ddb923cd5c8a5
snapshots:
- completed:
    size: 524127
    url: https://raw.githubusercontent.com/commercialhaskell/stackage-snapshots/master/lts/14/6.yaml
    sha256: dc70dfb45e2c32f54719819bd055f46855dd4b3bd2e58b9f3f38729a2d553fbb
  original: lts-14.6
