# This file was autogenerated by Stack.
# You should not edit this file by hand.
# For more information, please see the documentation at:
#   https://docs.haskellstack.org/en/stable/lock_files

packages:
- completed:
    hackage: aeson-typescript-0.2.0.0@sha256:d4bd016c04612bd6cbc02e3e38315de3bbf4f50c408f720b4472928b6ac4b59f,2642
    pantry-tree:
      size: 1719
      sha256: 92ba5548e53be350edd6f5961a51375d77c0358a738a9a4f6bb496bf85f6935a
  original:
    hackage: aeson-typescript-0.2.0.0@sha256:d4bd016c04612bd6cbc02e3e38315de3bbf4f50c408f720b4472928b6ac4b59f,2642
- completed:
    hackage: irc-core-2.9@sha256:d054c6e1e7a63f6d5c75db8d59b4e33f287dfe44feb77c4ab432f1689243e28b,1993
    pantry-tree:
      size: 788
      sha256: 0c3d5268c3839aba310b562e69cb05d68eeef8fcfd12c981286a07442517a45e
  original:
    hackage: irc-core-2.9@sha256:d054c6e1e7a63f6d5c75db8d59b4e33f287dfe44feb77c4ab432f1689243e28b,1993
- completed:
    hackage: postgresql-simple-url-0.2.1.0@sha256:25aa9dca3c05b2c66b9336907d9300f1312fbdfa54e0d395b52d1a1e6579810a,1837
    pantry-tree:
      size: 397
      sha256: fcd1457d9463ac9d2261d538c42a283761eb253c9bb230f6df450209348a38f8
  original:
    hackage: postgresql-simple-url-0.2.1.0@sha256:25aa9dca3c05b2c66b9336907d9300f1312fbdfa54e0d395b52d1a1e6579810a,1837
- completed:
    hackage: HDBC-postgresql-2.3.2.7@sha256:93d8e3c3d2dc9291a10f28ae3f8d0604a55ef47298ed43003a4d16f3d9905bae,3228
    pantry-tree:
      size: 1740
      sha256: 07bfba988402849f447025b324f2993ea88ac0ec4f7dd4b86942644e2e239d45
  original:
    hackage: HDBC-postgresql-2.3.2.7@sha256:93d8e3c3d2dc9291a10f28ae3f8d0604a55ef47298ed43003a4d16f3d9905bae,3228
- completed:
    hackage: dbmigrations-2.0.0@sha256:1e3bd62ca980659d27b6bc7b00e58ae0e2bf7781e3859f440b7c005c46037075,5270
    pantry-tree:
      size: 3935
      sha256: c0ed60caea8b8aace63e40628c753ba8b007edcea17ccc270317b533d07c8e28
  original:
    hackage: dbmigrations-2.0.0@sha256:1e3bd62ca980659d27b6bc7b00e58ae0e2bf7781e3859f440b7c005c46037075,5270
- completed:
    hackage: yaml-light-0.1.4@sha256:838b509c3a895339eea42b6524f46ba4e59c33e9f43537123cdaedfea09ca58d,1887
    pantry-tree:
      size: 217
      sha256: ed05f839d189a312392f35d41888602b5929a8c0bcd54ee50bffe013552526ba
  original:
    hackage: yaml-light-0.1.4@sha256:838b509c3a895339eea42b6524f46ba4e59c33e9f43537123cdaedfea09ca58d,1887
- completed:
    hackage: HsSyck-0.53@sha256:a987ae2163811bdebfd4f2e2dcb7c75e9d2d68afd97d196f969d6a74786e43da,1818
    pantry-tree:
      size: 1024
      sha256: d0465b8296fc621a76c7362eadf1364489781ca09d79441ec22b7a18b12eed46
  original:
    hackage: HsSyck-0.53@sha256:a987ae2163811bdebfd4f2e2dcb7c75e9d2d68afd97d196f969d6a74786e43da,1818
- completed:
    name: nano-http
    version: 0.1.1
    git: https://github.com/ralphmorton/nano-http.git
    pantry-tree:
      size: 510
      sha256: f6cac76731c77dcdf336ec99541e58fc7dd811726e0af7708c5b63fdfeca9cb1
    commit: bfccf7011964fcd8a12f7bcbf20ac5ef06eb4ede
  original:
    git: https://github.com/ralphmorton/nano-http.git
    commit: bfccf7011964fcd8a12f7bcbf20ac5ef06eb4ede
snapshots:
- completed:
    size: 533252
    url: https://raw.githubusercontent.com/commercialhaskell/stackage-snapshots/master/lts/16/26.yaml
    sha256: cdbc5db9c1afe80a5998247939027a0c7db92fa0f20b5cd01596ec3da628b622
  original: lts-16.26
